{
  "version": 1,
  "dependencies": {
    ".NETnanoFramework,Version=v1.0": {
      "nanoFramework.CoreLibrary": {
        "type": "Direct",
        "requested": "[2.0.0-preview.29, 2.0.0-preview.29]",
        "resolved": "2.0.0-preview.29",
        "contentHash": "7NDp9Sda9FTFBDN//X34r23rJBHUkCvyGvrFh9s5B8H2nMoet4J0OlEOiZRUsEPBXlsNpZFVp+Cd6OSjnLSg5A=="
      },
      "nanoFramework.TestFramework": {
        "type": "Direct",
        "requested": "[4.0.0-preview.45, 4.0.0-preview.45]",
        "resolved": "4.0.0-preview.45",
        "contentHash": "QnRl5gAJW4uoH4k4oQMT+gVnI57lGnST8F/PuK31M+j0AekWFvcSHKDirWrY9rs/JJTLPwgllaKiQGioTfBwPg=="
      }
    }
  }
}