
Microsoft Visual Studio Solution File, Format Version 12.00
# Visual Studio 15
VisualStudioVersion = 15.0.28010.2046
MinimumVisualStudioVersion = 10.0.40219.1
Project("{11A8DD76-328B-46DF-9F39-F559912D0360}") = "nanoFramework.Hardware.Stm32", "nanoFramework.Hardware.Stm32\nanoFramework.Hardware.Stm32.nfproj", "{9EFDB37C-4294-4987-A2B7-6226006AEDB3}"
EndProject
Project("{2150E333-8FDC-42A3-9474-1A3956D46DE8}") = "Solution Items", "Solution Items", "{DDA58EDA-BA28-4DD5-8E4A-8240C3EA68FE}"
	ProjectSection(SolutionItems) = preProject
		nanoFramework.Hardware.Stm32.DELIVERABLES.nuspec = nanoFramework.Hardware.Stm32.DELIVERABLES.nuspec
		nanoFramework.Hardware.Stm32.nuspec = nanoFramework.Hardware.Stm32.nuspec
		readme.txt = readme.txt
		version.json = version.json
	EndProjectSection
EndProject
Global
	GlobalSection(SolutionConfigurationPlatforms) = preSolution
		Debug|Any CPU = Debug|Any CPU
		Release|Any CPU = Release|Any CPU
	EndGlobalSection
	GlobalSection(ProjectConfigurationPlatforms) = postSolution
		{9EFDB37C-4294-4987-A2B7-6226006AEDB3}.Debug|Any CPU.ActiveCfg = Debug|Any CPU
		{9EFDB37C-4294-4987-A2B7-6226006AEDB3}.Debug|Any CPU.Build.0 = Debug|Any CPU
		{9EFDB37C-4294-4987-A2B7-6226006AEDB3}.Debug|Any CPU.Deploy.0 = Debug|Any CPU
		{9EFDB37C-4294-4987-A2B7-6226006AEDB3}.Release|Any CPU.ActiveCfg = Release|Any CPU
		{9EFDB37C-4294-4987-A2B7-6226006AEDB3}.Release|Any CPU.Build.0 = Release|Any CPU
		{9EFDB37C-4294-4987-A2B7-6226006AEDB3}.Release|Any CPU.Deploy.0 = Release|Any CPU
	EndGlobalSection
	GlobalSection(SolutionProperties) = preSolution
		HideSolutionNode = FALSE
	EndGlobalSection
	GlobalSection(ExtensibilityGlobals) = postSolution
		SolutionGuid = {43CEFEC7-064A-40D5-84BD-1A50CEEA33A7}
	EndGlobalSection
EndGlobal
