{
  "version": 1,
  "dependencies": {
    ".NETnanoFramework,Version=v1.0": {
      "nanoFramework.CoreLibrary": {
        "type": "Direct",
        "requested": "[1.12.0, 1.12.0]",
        "resolved": "1.12.0",
        "contentHash": "qQrFNXmJiStMC4VXk5cVMOJp23/qlT9FW5i9i+igwQVwraQTtvpkam8yK1hj992jqrbjoCIFZP4Hw9E8H0pB7w=="
      },
      "Nerdbank.GitVersioning": {
        "type": "Direct",
        "requested": "[3.5.109, 3.5.109]",
        "resolved": "3.5.109",
        "contentHash": "tKA1XJ5U2Ytk+u2/5sGNa04Pw6z9noYmqbpmHpjvbwJTtIalqsQjnwT4RQKSDTTIznHBbKxzv3HVh8QD28Qk+g=="
      }
    }
  }
}